
Microsoft Visual Studio Solution File, Format Version 12.00
# Visual Studio 2013
VisualStudioVersion = 12.0.21005.1
MinimumVisualStudioVersion = 10.0.40219.1
Project("{FAE04EC0-301F-11D3-BF4B-00C04F79EFBC}") = "MODELO", "MODELO\MODELO.csproj", "{B8ACF9C2-7EA7-4400-B495-1C7D150F62AB}"
EndProject
Project("{FAE04EC0-301F-11D3-BF4B-00C04F79EFBC}") = "CONTROLADORA", "CONTROLADORA\CONTROLADORA.csproj", "{23109592-5756-41CC-ABDF-5100DD01BEFE}"
	ProjectSection(ProjectDependencies) = postProject
		{B8ACF9C2-7EA7-4400-B495-1C7D150F62AB} = {B8ACF9C2-7EA7-4400-B495-1C7D150F62AB}
	EndProjectSection
EndProject
Project("{FAE04EC0-301F-11D3-BF4B-00C04F79EFBC}") = "VISTA", "VISTA\VISTA.csproj", "{3846CA03-2E1D-4590-AFFD-BF2CDA71B286}"
	ProjectSection(ProjectDependencies) = postProject
		{23109592-5756-41CC-ABDF-5100DD01BEFE} = {23109592-5756-41CC-ABDF-5100DD01BEFE}
		{B8ACF9C2-7EA7-4400-B495-1C7D150F62AB} = {B8ACF9C2-7EA7-4400-B495-1C7D150F62AB}
	EndProjectSection
EndProject
Global
	GlobalSection(SolutionConfigurationPlatforms) = preSolution
		Debug|Any CPU = Debug|Any CPU
		Release|Any CPU = Release|Any CPU
	EndGlobalSection
	GlobalSection(ProjectConfigurationPlatforms) = postSolution
		{B8ACF9C2-7EA7-4400-B495-1C7D150F62AB}.Debug|Any CPU.ActiveCfg = Debug|Any CPU
		{B8ACF9C2-7EA7-4400-B495-1C7D150F62AB}.Debug|Any CPU.Build.0 = Debug|Any CPU
		{B8ACF9C2-7EA7-4400-B495-1C7D150F62AB}.Release|Any CPU.ActiveCfg = Release|Any CPU
		{B8ACF9C2-7EA7-4400-B495-1C7D150F62AB}.Release|Any CPU.Build.0 = Release|Any CPU
		{23109592-5756-41CC-ABDF-5100DD01BEFE}.Debug|Any CPU.ActiveCfg = Debug|Any CPU
		{23109592-5756-41CC-ABDF-5100DD01BEFE}.Debug|Any CPU.Build.0 = Debug|Any CPU
		{23109592-5756-41CC-ABDF-5100DD01BEFE}.Release|Any CPU.ActiveCfg = Release|Any CPU
		{23109592-5756-41CC-ABDF-5100DD01BEFE}.Release|Any CPU.Build.0 = Release|Any CPU
		{3846CA03-2E1D-4590-AFFD-BF2CDA71B286}.Debug|Any CPU.ActiveCfg = Debug|Any CPU
		{3846CA03-2E1D-4590-AFFD-BF2CDA71B286}.Debug|Any CPU.Build.0 = Debug|Any CPU
		{3846CA03-2E1D-4590-AFFD-BF2CDA71B286}.Release|Any CPU.ActiveCfg = Release|Any CPU
		{3846CA03-2E1D-4590-AFFD-BF2CDA71B286}.Release|Any CPU.Build.0 = Release|Any CPU
	EndGlobalSection
	GlobalSection(SolutionProperties) = preSolution
		HideSolutionNode = FALSE
	EndGlobalSection
EndGlobal
